// !$*UTF8*$!
{
	archiveVersion = 1;
	classes = {
	};
	objectVersion = 46;
	objects = {

/* Begin PBXBuildFile section */
		3DA2F4EF13B2482800679558 /* UIKit.framework in Frameworks */ = {isa = PBXBuildFile; fileRef = 3DA2F4EE13B2482800679558 /* UIKit.framework */; };
		3DA2F4F113B2482800679558 /* Foundation.framework in Frameworks */ = {isa = PBXBuildFile; fileRef = 3DA2F4F013B2482800679558 /* Foundation.framework */; };
		3DA2F4F313B2482800679558 /* CoreGraphics.framework in Frameworks */ = {isa = PBXBuildFile; fileRef = 3DA2F4F213B2482800679558 /* CoreGraphics.framework */; };
		3DA2F4F913B2482800679558 /* InfoPlist.strings in Resources */ = {isa = PBXBuildFile; fileRef = 3DA2F4F713B2482800679558 /* InfoPlist.strings */; };
		3DA2F4FC13B2482800679558 /* main.m in Sources */ = {isa = PBXBuildFile; fileRef = 3DA2F4FB13B2482800679558 /* main.m */; };
		3DA2F4FF13B2482800679558 /* fitnessprotoAppDelegate.m in Sources */ = {isa = PBXBuildFile; fileRef = 3DA2F4FE13B2482800679558 /* fitnessprotoAppDelegate.m */; };
		3DA2F50213B2482800679558 /* MainWindow.xib in Resources */ = {isa = PBXBuildFile; fileRef = 3DA2F50013B2482800679558 /* MainWindow.xib */; };
		3DA2F50513B2482800679558 /* fitnessprotoViewController.m in Sources */ = {isa = PBXBuildFile; fileRef = 3DA2F50413B2482800679558 /* fitnessprotoViewController.m */; };
		3DA2F50813B2482800679558 /* fitnessprotoViewController.xib in Resources */ = {isa = PBXBuildFile; fileRef = 3DA2F50613B2482800679558 /* fitnessprotoViewController.xib */; };
		3DA2F50F13B2482800679558 /* UIKit.framework in Frameworks */ = {isa = PBXBuildFile; fileRef = 3DA2F4EE13B2482800679558 /* UIKit.framework */; };
		3DA2F51013B2482800679558 /* Foundation.framework in Frameworks */ = {isa = PBXBuildFile; fileRef = 3DA2F4F013B2482800679558 /* Foundation.framework */; };
		3DA2F51113B2482800679558 /* CoreGraphics.framework in Frameworks */ = {isa = PBXBuildFile; fileRef = 3DA2F4F213B2482800679558 /* CoreGraphics.framework */; };
		3DA2F51913B2482800679558 /* InfoPlist.strings in Resources */ = {isa = PBXBuildFile; fileRef = 3DA2F51713B2482800679558 /* InfoPlist.strings */; };
		3DA2F51C13B2482800679558 /* fitnessprotoTests.h in Resources */ = {isa = PBXBuildFile; fileRef = 3DA2F51B13B2482800679558 /* fitnessprotoTests.h */; };
		3DA2F51E13B2482800679558 /* fitnessprotoTests.m in Sources */ = {isa = PBXBuildFile; fileRef = 3DA2F51D13B2482800679558 /* fitnessprotoTests.m */; };
		3DB67FE013B3E6CE00D06DF2 /* fitnessproto-Info.plist in Resources */ = {isa = PBXBuildFile; fileRef = 3DB67FDF13B3E6CE00D06DF2 /* fitnessproto-Info.plist */; };
/* End PBXBuildFile section */

/* Begin PBXContainerItemProxy section */
		3DA2F51213B2482800679558 /* PBXContainerItemProxy */ = {
			isa = PBXContainerItemProxy;
			containerPortal = 3DA2F4E113B2482600679558 /* Project object */;
			proxyType = 1;
			remoteGlobalIDString = 3DA2F4E913B2482600679558;
			remoteInfo = fitnessproto;
		};
/* End PBXContainerItemProxy section */

/* Begin PBXFileReference section */
		3DA2F4EA13B2482800679558 /* fitnessproto.app */ = {isa = PBXFileReference; explicitFileType = wrapper.application; includeInIndex = 0; path = fitnessproto.app; sourceTree = BUILT_PRODUCTS_DIR; };
		3DA2F4EE13B2482800679558 /* UIKit.framework */ = {isa = PBXFileReference; lastKnownFileType = wrapper.framework; name = UIKit.framework; path = System/Library/Frameworks/UIKit.framework; sourceTree = SDKROOT; };
		3DA2F4F013B2482800679558 /* Foundation.framework */ = {isa = PBXFileReference; lastKnownFileType = wrapper.framework; name = Foundation.framework; path = System/Library/Frameworks/Foundation.framework; sourceTree = SDKROOT; };
		3DA2F4F213B2482800679558 /* CoreGraphics.framework */ = {isa = PBXFileReference; lastKnownFileType = wrapper.framework; name = CoreGraphics.framework; path = System/Library/Frameworks/CoreGraphics.framework; sourceTree = SDKROOT; };
		3DA2F4F813B2482800679558 /* en */ = {isa = PBXFileReference; lastKnownFileType = text.plist.strings; name = en; path = en.lproj/InfoPlist.strings; sourceTree = "<group>"; };
		3DA2F4FA13B2482800679558 /* fitnessproto-Prefix.pch */ = {isa = PBXFileReference; lastKnownFileType = sourcecode.c.h; path = "fitnessproto-Prefix.pch"; sourceTree = "<group>"; };
		3DA2F4FB13B2482800679558 /* main.m */ = {isa = PBXFileReference; lastKnownFileType = sourcecode.c.objc; path = main.m; sourceTree = "<group>"; };
		3DA2F4FD13B2482800679558 /* fitnessprotoAppDelegate.h */ = {isa = PBXFileReference; lastKnownFileType = sourcecode.c.h; path = fitnessprotoAppDelegate.h; sourceTree = "<group>"; };
		3DA2F4FE13B2482800679558 /* fitnessprotoAppDelegate.m */ = {isa = PBXFileReference; lastKnownFileType = sourcecode.c.objc; path = fitnessprotoAppDelegate.m; sourceTree = "<group>"; };
		3DA2F50113B2482800679558 /* en */ = {isa = PBXFileReference; lastKnownFileType = file.xib; name = en; path = en.lproj/MainWindow.xib; sourceTree = "<group>"; };
		3DA2F50313B2482800679558 /* fitnessprotoViewController.h */ = {isa = PBXFileReference; lastKnownFileType = sourcecode.c.h; path = fitnessprotoViewController.h; sourceTree = "<group>"; };
		3DA2F50413B2482800679558 /* fitnessprotoViewController.m */ = {isa = PBXFileReference; lastKnownFileType = sourcecode.c.objc; path = fitnessprotoViewController.m; sourceTree = "<group>"; };
		3DA2F50713B2482800679558 /* en */ = {isa = PBXFileReference; lastKnownFileType = file.xib; name = en; path = en.lproj/fitnessprotoViewController.xib; sourceTree = "<group>"; };
		3DA2F50E13B2482800679558 /* fitnessprotoTests.octest */ = {isa = PBXFileReference; explicitFileType = wrapper.cfbundle; includeInIndex = 0; path = fitnessprotoTests.octest; sourceTree = BUILT_PRODUCTS_DIR; };
		3DA2F51613B2482800679558 /* fitnessprotoTests-Info.plist */ = {isa = PBXFileReference; lastKnownFileType = text.plist.xml; path = "fitnessprotoTests-Info.plist"; sourceTree = "<group>"; };
		3DA2F51813B2482800679558 /* en */ = {isa = PBXFileReference; lastKnownFileType = text.plist.strings; name = en; path = en.lproj/InfoPlist.strings; sourceTree = "<group>"; };
		3DA2F51A13B2482800679558 /* fitnessprotoTests-Prefix.pch */ = {isa = PBXFileReference; lastKnownFileType = sourcecode.c.h; path = "fitnessprotoTests-Prefix.pch"; sourceTree = "<group>"; };
		3DA2F51B13B2482800679558 /* fitnessprotoTests.h */ = {isa = PBXFileReference; lastKnownFileType = sourcecode.c.h; path = fitnessprotoTests.h; sourceTree = "<group>"; };
		3DA2F51D13B2482800679558 /* fitnessprotoTests.m */ = {isa = PBXFileReference; lastKnownFileType = sourcecode.c.objc; path = fitnessprotoTests.m; sourceTree = "<group>"; };
		3DB67FDF13B3E6CE00D06DF2 /* fitnessproto-Info.plist */ = {isa = PBXFileReference; fileEncoding = 4; lastKnownFileType = text.plist.xml; path = "fitnessproto-Info.plist"; sourceTree = "<group>"; };
/* End PBXFileReference section */

/* Begin PBXFrameworksBuildPhase section */
		3DA2F4E713B2482600679558 /* Frameworks */ = {
			isa = PBXFrameworksBuildPhase;
			buildActionMask = 2147483647;
			files = (
				3DA2F4EF13B2482800679558 /* UIKit.framework in Frameworks */,
				3DA2F4F113B2482800679558 /* Foundation.framework in Frameworks */,
				3DA2F4F313B2482800679558 /* CoreGraphics.framework in Frameworks */,
			);
			runOnlyForDeploymentPostprocessing = 0;
		};
		3DA2F50A13B2482800679558 /* Frameworks */ = {
			isa = PBXFrameworksBuildPhase;
			buildActionMask = 2147483647;
			files = (
				3DA2F50F13B2482800679558 /* UIKit.framework in Frameworks */,
				3DA2F51013B2482800679558 /* Foundation.framework in Frameworks */,
				3DA2F51113B2482800679558 /* CoreGraphics.framework in Frameworks */,
			);
			runOnlyForDeploymentPostprocessing = 0;
		};
/* End PBXFrameworksBuildPhase section */

/* Begin PBXGroup section */
		3DA2F4DF13B2482600679558 = {
			isa = PBXGroup;
			children = (
				3DA2F4F413B2482800679558 /* fitnessproto */,
				3DA2F51413B2482800679558 /* fitnessprotoTests */,
				3DA2F4ED13B2482800679558 /* Frameworks */,
				3DA2F4EB13B2482800679558 /* Products */,
			);
			sourceTree = "<group>";
		};
		3DA2F4EB13B2482800679558 /* Products */ = {
			isa = PBXGroup;
			children = (
				3DA2F4EA13B2482800679558 /* fitnessproto.app */,
				3DA2F50E13B2482800679558 /* fitnessprotoTests.octest */,
			);
			name = Products;
			sourceTree = "<group>";
		};
		3DA2F4ED13B2482800679558 /* Frameworks */ = {
			isa = PBXGroup;
			children = (
				3DA2F4EE13B2482800679558 /* UIKit.framework */,
				3DA2F4F013B2482800679558 /* Foundation.framework */,
				3DA2F4F213B2482800679558 /* CoreGraphics.framework */,
			);
			name = Frameworks;
			sourceTree = "<group>";
		};
		3DA2F4F413B2482800679558 /* fitnessproto */ = {
			isa = PBXGroup;
			children = (
				3DA2F4FD13B2482800679558 /* fitnessprotoAppDelegate.h */,
				3DA2F4FE13B2482800679558 /* fitnessprotoAppDelegate.m */,
				3DA2F50013B2482800679558 /* MainWindow.xib */,
				3DA2F50313B2482800679558 /* fitnessprotoViewController.h */,
				3DA2F50413B2482800679558 /* fitnessprotoViewController.m */,
				3DA2F50613B2482800679558 /* fitnessprotoViewController.xib */,
				3DA2F4F513B2482800679558 /* Supporting Files */,
			);
			path = fitnessproto;
			sourceTree = "<group>";
		};
		3DA2F4F513B2482800679558 /* Supporting Files */ = {
			isa = PBXGroup;
			children = (
				3DB67FDF13B3E6CE00D06DF2 /* fitnessproto-Info.plist */,
				3DA2F4F713B2482800679558 /* InfoPlist.strings */,
				3DA2F4FA13B2482800679558 /* fitnessproto-Prefix.pch */,
				3DA2F4FB13B2482800679558 /* main.m */,
			);
			name = "Supporting Files";
			sourceTree = "<group>";
		};
		3DA2F51413B2482800679558 /* fitnessprotoTests */ = {
			isa = PBXGroup;
			children = (
				3DA2F51B13B2482800679558 /* fitnessprotoTests.h */,
				3DA2F51D13B2482800679558 /* fitnessprotoTests.m */,
				3DA2F51513B2482800679558 /* Supporting Files */,
			);
			path = fitnessprotoTests;
			sourceTree = "<group>";
		};
		3DA2F51513B2482800679558 /* Supporting Files */ = {
			isa = PBXGroup;
			children = (
				3DA2F51613B2482800679558 /* fitnessprotoTests-Info.plist */,
				3DA2F51713B2482800679558 /* InfoPlist.strings */,
				3DA2F51A13B2482800679558 /* fitnessprotoTests-Prefix.pch */,
			);
			name = "Supporting Files";
			sourceTree = "<group>";
		};
/* End PBXGroup section */

/* Begin PBXNativeTarget section */
		3DA2F4E913B2482600679558 /* fitnessproto */ = {
			isa = PBXNativeTarget;
			buildConfigurationList = 3DA2F52113B2482800679558 /* Build configuration list for PBXNativeTarget "fitnessproto" */;
			buildPhases = (
				3DA2F4E613B2482600679558 /* Sources */,
				3DA2F4E713B2482600679558 /* Frameworks */,
				3DA2F4E813B2482600679558 /* Resources */,
			);
			buildRules = (
			);
			dependencies = (
			);
			name = fitnessproto;
			productName = fitnessproto;
			productReference = 3DA2F4EA13B2482800679558 /* fitnessproto.app */;
			productType = "com.apple.product-type.application";
		};
		3DA2F50D13B2482800679558 /* fitnessprotoTests */ = {
			isa = PBXNativeTarget;
			buildConfigurationList = 3DA2F52413B2482800679558 /* Build configuration list for PBXNativeTarget "fitnessprotoTests" */;
			buildPhases = (
				3DA2F50913B2482800679558 /* Sources */,
				3DA2F50A13B2482800679558 /* Frameworks */,
				3DA2F50B13B2482800679558 /* Resources */,
				3DA2F50C13B2482800679558 /* ShellScript */,
			);
			buildRules = (
			);
			dependencies = (
				3DA2F51313B2482800679558 /* PBXTargetDependency */,
			);
			name = fitnessprotoTests;
			productName = fitnessprotoTests;
			productReference = 3DA2F50E13B2482800679558 /* fitnessprotoTests.octest */;
			productType = "com.apple.product-type.bundle";
		};
/* End PBXNativeTarget section */

/* Begin PBXProject section */
		3DA2F4E113B2482600679558 /* Project object */ = {
			isa = PBXProject;
			buildConfigurationList = 3DA2F4E413B2482600679558 /* Build configuration list for PBXProject "fitnessproto" */;
			compatibilityVersion = "Xcode 3.2";
			developmentRegion = English;
			hasScannedForEncodings = 0;
			knownRegions = (
				en,
			);
			mainGroup = 3DA2F4DF13B2482600679558;
			productRefGroup = 3DA2F4EB13B2482800679558 /* Products */;
			projectDirPath = "";
			projectRoot = "";
			targets = (
				3DA2F4E913B2482600679558 /* fitnessproto */,
				3DA2F50D13B2482800679558 /* fitnessprotoTests */,
			);
		};
/* End PBXProject section */

/* Begin PBXResourcesBuildPhase section */
		3DA2F4E813B2482600679558 /* Resources */ = {
			isa = PBXResourcesBuildPhase;
			buildActionMask = 2147483647;
			files = (
				3DA2F4F913B2482800679558 /* InfoPlist.strings in Resources */,
				3DA2F50213B2482800679558 /* MainWindow.xib in Resources */,
				3DA2F50813B2482800679558 /* fitnessprotoViewController.xib in Resources */,
				3DB67FE013B3E6CE00D06DF2 /* fitnessproto-Info.plist in Resources */,
			);
			runOnlyForDeploymentPostprocessing = 0;
		};
		3DA2F50B13B2482800679558 /* Resources */ = {
			isa = PBXResourcesBuildPhase;
			buildActionMask = 2147483647;
			files = (
				3DA2F51913B2482800679558 /* InfoPlist.strings in Resources */,
				3DA2F51C13B2482800679558 /* fitnessprotoTests.h in Resources */,
			);
			runOnlyForDeploymentPostprocessing = 0;
		};
/* End PBXResourcesBuildPhase section */

/* Begin PBXShellScriptBuildPhase section */
		3DA2F50C13B2482800679558 /* ShellScript */ = {
			isa = PBXShellScriptBuildPhase;
			buildActionMask = 2147483647;
			files = (
			);
			inputPaths = (
			);
			outputPaths = (
			);
			runOnlyForDeploymentPostprocessing = 0;
			shellPath = /bin/sh;
			shellScript = "# Run the unit tests in this test bundle.\n\"${SYSTEM_DEVELOPER_DIR}/Tools/RunUnitTests\"\n";
		};
/* End PBXShellScriptBuildPhase section */

/* Begin PBXSourcesBuildPhase section */
		3DA2F4E613B2482600679558 /* Sources */ = {
			isa = PBXSourcesBuildPhase;
			buildActionMask = 2147483647;
			files = (
				3DA2F4FC13B2482800679558 /* main.m in Sources */,
				3DA2F4FF13B2482800679558 /* fitnessprotoAppDelegate.m in Sources */,
				3DA2F50513B2482800679558 /* fitnessprotoViewController.m in Sources */,
			);
			runOnlyForDeploymentPostprocessing = 0;
		};
		3DA2F50913B2482800679558 /* Sources */ = {
			isa = PBXSourcesBuildPhase;
			buildActionMask = 2147483647;
			files = (
				3DA2F51E13B2482800679558 /* fitnessprotoTests.m in Sources */,
			);
			runOnlyForDeploymentPostprocessing = 0;
		};
/* End PBXSourcesBuildPhase section */

/* Begin PBXTargetDependency section */
		3DA2F51313B2482800679558 /* PBXTargetDependency */ = {
			isa = PBXTargetDependency;
			target = 3DA2F4E913B2482600679558 /* fitnessproto */;
			targetProxy = 3DA2F51213B2482800679558 /* PBXContainerItemProxy */;
		};
/* End PBXTargetDependency section */

/* Begin PBXVariantGroup section */
		3DA2F4F713B2482800679558 /* InfoPlist.strings */ = {
			isa = PBXVariantGroup;
			children = (
				3DA2F4F813B2482800679558 /* en */,
			);
			name = InfoPlist.strings;
			sourceTree = "<group>";
		};
		3DA2F50013B2482800679558 /* MainWindow.xib */ = {
			isa = PBXVariantGroup;
			children = (
				3DA2F50113B2482800679558 /* en */,
			);
			name = MainWindow.xib;
			sourceTree = "<group>";
		};
		3DA2F50613B2482800679558 /* fitnessprotoViewController.xib */ = {
			isa = PBXVariantGroup;
			children = (
				3DA2F50713B2482800679558 /* en */,
			);
			name = fitnessprotoViewController.xib;
			sourceTree = "<group>";
		};
		3DA2F51713B2482800679558 /* InfoPlist.strings */ = {
			isa = PBXVariantGroup;
			children = (
				3DA2F51813B2482800679558 /* en */,
			);
			name = InfoPlist.strings;
			sourceTree = "<group>";
		};
/* End PBXVariantGroup section */

/* Begin XCBuildConfiguration section */
		3DA2F51F13B2482800679558 /* Debug */ = {
			isa = XCBuildConfiguration;
			buildSettings = {
				ARCHS = "$(ARCHS_UNIVERSAL_IPHONE_OS)";
				"CODE_SIGN_IDENTITY[sdk=iphoneos*]" = "iPhone Developer";
				GCC_C_LANGUAGE_STANDARD = gnu99;
				GCC_OPTIMIZATION_LEVEL = 0;
				GCC_PREPROCESSOR_DEFINITIONS = DEBUG;
				GCC_SYMBOLS_PRIVATE_EXTERN = NO;
				GCC_VERSION = com.apple.compilers.llvmgcc42;
				GCC_WARN_ABOUT_RETURN_TYPE = YES;
				GCC_WARN_UNUSED_VARIABLE = YES;
				IPHONEOS_DEPLOYMENT_TARGET = 4.3;
				SDKROOT = iphoneos;
				TARGETED_DEVICE_FAMILY = 2;
			};
			name = Debug;
		};
		3DA2F52013B2482800679558 /* Release */ = {
			isa = XCBuildConfiguration;
			buildSettings = {
				ARCHS = "$(ARCHS_UNIVERSAL_IPHONE_OS)";
				"CODE_SIGN_IDENTITY[sdk=iphoneos*]" = "iPhone Developer";
				GCC_C_LANGUAGE_STANDARD = gnu99;
				GCC_VERSION = com.apple.compilers.llvmgcc42;
				GCC_WARN_ABOUT_RETURN_TYPE = YES;
				GCC_WARN_UNUSED_VARIABLE = YES;
				IPHONEOS_DEPLOYMENT_TARGET = 4.3;
				OTHER_CFLAGS = "-DNS_BLOCK_ASSERTIONS=1";
				SDKROOT = iphoneos;
				TARGETED_DEVICE_FAMILY = 2;
			};
			name = Release;
		};
		3DA2F52213B2482800679558 /* Debug */ = {
			isa = XCBuildConfiguration;
			buildSettings = {
				ALWAYS_SEARCH_USER_PATHS = NO;
				COPY_PHASE_STRIP = NO;
				GCC_DYNAMIC_NO_PIC = NO;
				GCC_PRECOMPILE_PREFIX_HEADER = YES;
				GCC_PREFIX_HEADER = "fitnessproto/fitnessproto-Prefix.pch";
				INFOPLIST_FILE = "fitnessproto/fitnessproto-Info.plist";
				PRODUCT_NAME = "$(TARGET_NAME)";
				WRAPPER_EXTENSION = app;
			};
			name = Debug;
		};
		3DA2F52313B2482800679558 /* Release */ = {
			isa = XCBuildConfiguration;
			buildSettings = {
				ALWAYS_SEARCH_USER_PATHS = NO;
				COPY_PHASE_STRIP = YES;
				GCC_PRECOMPILE_PREFIX_HEADER = YES;
				GCC_PREFIX_HEADER = "fitnessproto/fitnessproto-Prefix.pch";
				INFOPLIST_FILE = "fitnessproto/fitnessproto-Info.plist";
				PRODUCT_NAME = "$(TARGET_NAME)";
				VALIDATE_PRODUCT = YES;
				WRAPPER_EXTENSION = app;
			};
			name = Release;
		};
		3DA2F52513B2482800679558 /* Debug */ = {
			isa = XCBuildConfiguration;
			buildSettings = {
				ALWAYS_SEARCH_USER_PATHS = NO;
				ARCHS = "$(ARCHS_STANDARD_32_BIT)";
				BUNDLE_LOADER = "$(BUILT_PRODUCTS_DIR)/fitnessproto.app/fitnessproto";
				FRAMEWORK_SEARCH_PATHS = (
					"$(SDKROOT)/Developer/Library/Frameworks",
					"$(DEVELOPER_LIBRARY_DIR)/Frameworks",
				);
				GCC_PRECOMPILE_PREFIX_HEADER = YES;
				GCC_PREFIX_HEADER = "fitnessprotoTests/fitnessprotoTests-Prefix.pch";
				INFOPLIST_FILE = "fitnessprotoTests/fitnessprotoTests-Info.plist";
				OTHER_LDFLAGS = (
					"-framework",
					SenTestingKit,
				);
				PRODUCT_NAME = "$(TARGET_NAME)";
				TEST_HOST = "$(BUNDLE_LOADER)";
				WRAPPER_EXTENSION = octest;
			};
			name = Debug;
		};
		3DA2F52613B2482800679558 /* Release */ = {
			isa = XCBuildConfiguration;
			buildSettings = {
				ALWAYS_SEARCH_USER_PATHS = NO;
				ARCHS = "$(ARCHS_STANDARD_32_BIT)";
				BUNDLE_LOADER = "$(BUILT_PRODUCTS_DIR)/fitnessproto.app/fitnessproto";
				FRAMEWORK_SEARCH_PATHS = (
					"$(SDKROOT)/Developer/Library/Frameworks",
					"$(DEVELOPER_LIBRARY_DIR)/Frameworks",
				);
				GCC_PRECOMPILE_PREFIX_HEADER = YES;
				GCC_PREFIX_HEADER = "fitnessprotoTests/fitnessprotoTests-Prefix.pch";
				INFOPLIST_FILE = "fitnessprotoTests/fitnessprotoTests-Info.plist";
				OTHER_LDFLAGS = (
					"-framework",
					SenTestingKit,
				);
				PRODUCT_NAME = "$(TARGET_NAME)";
				TEST_HOST = "$(BUNDLE_LOADER)";
				WRAPPER_EXTENSION = octest;
			};
			name = Release;
		};
/* End XCBuildConfiguration section */

/* Begin XCConfigurationList section */
		3DA2F4E413B2482600679558 /* Build configuration list for PBXProject "fitnessproto" */ = {
			isa = XCConfigurationList;
			buildConfigurations = (
				3DA2F51F13B2482800679558 /* Debug */,
				3DA2F52013B2482800679558 /* Release */,
			);
			defaultConfigurationIsVisible = 0;
			defaultConfigurationName = Release;
		};
		3DA2F52113B2482800679558 /* Build configuration list for PBXNativeTarget "fitnessproto" */ = {
			isa = XCConfigurationList;
			buildConfigurations = (
				3DA2F52213B2482800679558 /* Debug */,
				3DA2F52313B2482800679558 /* Release */,
			);
			defaultConfigurationIsVisible = 0;
			defaultConfigurationName = Release;
		};
		3DA2F52413B2482800679558 /* Build configuration list for PBXNativeTarget "fitnessprotoTests" */ = {
			isa = XCConfigurationList;
			buildConfigurations = (
				3DA2F52513B2482800679558 /* Debug */,
				3DA2F52613B2482800679558 /* Release */,
			);
			defaultConfigurationIsVisible = 0;
			defaultConfigurationName = Release;
		};
/* End XCConfigurationList section */
	};
	rootObject = 3DA2F4E113B2482600679558 /* Project object */;
}
